// !$*UTF8*$!
{
	archiveVersion = 1;
	classes = {
	};
	objectVersion = 51;
	objects = {

/* Begin PBXBuildFile section */
		1CC3FBE93EC8FCBAE1761B51 /* Pods_SkillboxDataBase.framework in Frameworks */ = {isa = PBXBuildFile; fileRef = 5F67773F3376EC438D2C502A /* Pods_SkillboxDataBase.framework */; };
		A950CFA7265D722A00208D98 /* AppDelegate.swift in Sources */ = {isa = PBXBuildFile; fileRef = A950CFA6265D722A00208D98 /* AppDelegate.swift */; };
		A950CFA9265D722A00208D98 /* SceneDelegate.swift in Sources */ = {isa = PBXBuildFile; fileRef = A950CFA8265D722A00208D98 /* SceneDelegate.swift */; };
		A950CFAB265D722A00208D98 /* ViewController.swift in Sources */ = {isa = PBXBuildFile; fileRef = A950CFAA265D722A00208D98 /* ViewController.swift */; };
		A950CFAE265D722A00208D98 /* Main.storyboard in Resources */ = {isa = PBXBuildFile; fileRef = A950CFAC265D722A00208D98 /* Main.storyboard */; };
		A950CFB1265D722A00208D98 /* SkillboxDataBase.xcdatamodeld in Sources */ = {isa = PBXBuildFile; fileRef = A950CFAF265D722A00208D98 /* SkillboxDataBase.xcdatamodeld */; };
		A950CFB3265D722D00208D98 /* Assets.xcassets in Resources */ = {isa = PBXBuildFile; fileRef = A950CFB2265D722D00208D98 /* Assets.xcassets */; };
		A950CFB6265D722D00208D98 /* LaunchScreen.storyboard in Resources */ = {isa = PBXBuildFile; fileRef = A950CFB4265D722D00208D98 /* LaunchScreen.storyboard */; };
		A950CFC0265D76E700208D98 /* UsernameViewController.swift in Sources */ = {isa = PBXBuildFile; fileRef = A950CFBF265D76E700208D98 /* UsernameViewController.swift */; };
		A960AD61265DA8B2006F8002 /* ToDoRealmViewController.swift in Sources */ = {isa = PBXBuildFile; fileRef = A960AD60265DA8B2006F8002 /* ToDoRealmViewController.swift */; };
		A99112FF265D987200C4B213 /* PersistanceUserDefaults.swift in Sources */ = {isa = PBXBuildFile; fileRef = A99112FE265D987200C4B213 /* PersistanceUserDefaults.swift */; };
		A9DA89A7265E2DBF00C54A81 /* ToDoCoreDataViewController.swift in Sources */ = {isa = PBXBuildFile; fileRef = A9DA89A6265E2DBF00C54A81 /* ToDoCoreDataViewController.swift */; };
		A9DA89AA265E32C800C54A81 /* ToDoListItem+CoreDataClass.swift in Sources */ = {isa = PBXBuildFile; fileRef = A9DA89A8265E32C800C54A81 /* ToDoListItem+CoreDataClass.swift */; };
		A9DA89AB265E32C800C54A81 /* ToDoListItem+CoreDataProperties.swift in Sources */ = {isa = PBXBuildFile; fileRef = A9DA89A9265E32C800C54A81 /* ToDoListItem+CoreDataProperties.swift */; };
		A9F6F05D265E812700686F77 /* WeatherViewController.swift in Sources */ = {isa = PBXBuildFile; fileRef = A9F6F059265E812600686F77 /* WeatherViewController.swift */; };
		A9F6F05E265E812700686F77 /* LoadWeatherData.swift in Sources */ = {isa = PBXBuildFile; fileRef = A9F6F05A265E812600686F77 /* LoadWeatherData.swift */; };
		A9F6F05F265E812700686F77 /* ModelRealm.swift in Sources */ = {isa = PBXBuildFile; fileRef = A9F6F05B265E812600686F77 /* ModelRealm.swift */; };
		A9F6F060265E812700686F77 /* WeatherCell.swift in Sources */ = {isa = PBXBuildFile; fileRef = A9F6F05C265E812700686F77 /* WeatherCell.swift */; };
/* End PBXBuildFile section */

/* Begin PBXFileReference section */
		25A96CA6367347CBDDF8C507 /* Pods-SkillboxDataBase.debug.xcconfig */ = {isa = PBXFileReference; includeInIndex = 1; lastKnownFileType = text.xcconfig; name = "Pods-SkillboxDataBase.debug.xcconfig"; path = "Target Support Files/Pods-SkillboxDataBase/Pods-SkillboxDataBase.debug.xcconfig"; sourceTree = "<group>"; };
		5DDEA368B31C0F4A269F72B6 /* Pods-SkillboxDataBase.release.xcconfig */ = {isa = PBXFileReference; includeInIndex = 1; lastKnownFileType = text.xcconfig; name = "Pods-SkillboxDataBase.release.xcconfig"; path = "Target Support Files/Pods-SkillboxDataBase/Pods-SkillboxDataBase.release.xcconfig"; sourceTree = "<group>"; };
		5F67773F3376EC438D2C502A /* Pods_SkillboxDataBase.framework */ = {isa = PBXFileReference; explicitFileType = wrapper.framework; includeInIndex = 0; path = Pods_SkillboxDataBase.framework; sourceTree = BUILT_PRODUCTS_DIR; };
		A950CFA3265D722A00208D98 /* SkillboxDataBase.app */ = {isa = PBXFileReference; explicitFileType = wrapper.application; includeInIndex = 0; path = SkillboxDataBase.app; sourceTree = BUILT_PRODUCTS_DIR; };
		A950CFA6265D722A00208D98 /* AppDelegate.swift */ = {isa = PBXFileReference; lastKnownFileType = sourcecode.swift; path = AppDelegate.swift; sourceTree = "<group>"; };
		A950CFA8265D722A00208D98 /* SceneDelegate.swift */ = {isa = PBXFileReference; lastKnownFileType = sourcecode.swift; path = SceneDelegate.swift; sourceTree = "<group>"; };
		A950CFAA265D722A00208D98 /* ViewController.swift */ = {isa = PBXFileReference; lastKnownFileType = sourcecode.swift; path = ViewController.swift; sourceTree = "<group>"; };
		A950CFAD265D722A00208D98 /* Base */ = {isa = PBXFileReference; lastKnownFileType = file.storyboard; name = Base; path = Base.lproj/Main.storyboard; sourceTree = "<group>"; };
		A950CFB0265D722A00208D98 /* SkillboxDataBase.xcdatamodel */ = {isa = PBXFileReference; lastKnownFileType = wrapper.xcdatamodel; path = SkillboxDataBase.xcdatamodel; sourceTree = "<group>"; };
		A950CFB2265D722D00208D98 /* Assets.xcassets */ = {isa = PBXFileReference; lastKnownFileType = folder.assetcatalog; path = Assets.xcassets; sourceTree = "<group>"; };
		A950CFB5265D722D00208D98 /* Base */ = {isa = PBXFileReference; lastKnownFileType = file.storyboard; name = Base; path = Base.lproj/LaunchScreen.storyboard; sourceTree = "<group>"; };
		A950CFB7265D722D00208D98 /* Info.plist */ = {isa = PBXFileReference; lastKnownFileType = text.plist.xml; path = Info.plist; sourceTree = "<group>"; };
		A950CFBF265D76E700208D98 /* UsernameViewController.swift */ = {isa = PBXFileReference; lastKnownFileType = sourcecode.swift; path = UsernameViewController.swift; sourceTree = "<group>"; };
		A960AD60265DA8B2006F8002 /* ToDoRealmViewController.swift */ = {isa = PBXFileReference; lastKnownFileType = sourcecode.swift; path = ToDoRealmViewController.swift; sourceTree = "<group>"; };
		A99112FE265D987200C4B213 /* PersistanceUserDefaults.swift */ = {isa = PBXFileReference; lastKnownFileType = sourcecode.swift; path = PersistanceUserDefaults.swift; sourceTree = "<group>"; };
		A9DA89A6265E2DBF00C54A81 /* ToDoCoreDataViewController.swift */ = {isa = PBXFileReference; lastKnownFileType = sourcecode.swift; path = ToDoCoreDataViewController.swift; sourceTree = "<group>"; };
		A9DA89A8265E32C800C54A81 /* ToDoListItem+CoreDataClass.swift */ = {isa = PBXFileReference; fileEncoding = 4; lastKnownFileType = sourcecode.swift; path = "ToDoListItem+CoreDataClass.swift"; sourceTree = "<group>"; };
		A9DA89A9265E32C800C54A81 /* ToDoListItem+CoreDataProperties.swift */ = {isa = PBXFileReference; fileEncoding = 4; lastKnownFileType = sourcecode.swift; path = "ToDoListItem+CoreDataProperties.swift"; sourceTree = "<group>"; };
		A9F6F059265E812600686F77 /* WeatherViewController.swift */ = {isa = PBXFileReference; fileEncoding = 4; lastKnownFileType = sourcecode.swift; path = WeatherViewController.swift; sourceTree = "<group>"; };
		A9F6F05A265E812600686F77 /* LoadWeatherData.swift */ = {isa = PBXFileReference; fileEncoding = 4; lastKnownFileType = sourcecode.swift; path = LoadWeatherData.swift; sourceTree = "<group>"; };
		A9F6F05B265E812600686F77 /* ModelRealm.swift */ = {isa = PBXFileReference; fileEncoding = 4; lastKnownFileType = sourcecode.swift; path = ModelRealm.swift; sourceTree = "<group>"; };
		A9F6F05C265E812700686F77 /* WeatherCell.swift */ = {isa = PBXFileReference; fileEncoding = 4; lastKnownFileType = sourcecode.swift; path = WeatherCell.swift; sourceTree = "<group>"; };
/* End PBXFileReference section */

/* Begin PBXFrameworksBuildPhase section */
		A950CFA0265D722A00208D98 /* Frameworks */ = {
			isa = PBXFrameworksBuildPhase;
			buildActionMask = 2147483647;
			files = (
				1CC3FBE93EC8FCBAE1761B51 /* Pods_SkillboxDataBase.framework in Frameworks */,
			);
			runOnlyForDeploymentPostprocessing = 0;
		};
/* End PBXFrameworksBuildPhase section */

/* Begin PBXGroup section */
		1700B1EB3D384065B4AE4055 /* Pods */ = {
			isa = PBXGroup;
			children = (
				25A96CA6367347CBDDF8C507 /* Pods-SkillboxDataBase.debug.xcconfig */,
				5DDEA368B31C0F4A269F72B6 /* Pods-SkillboxDataBase.release.xcconfig */,
			);
			path = Pods;
			sourceTree = "<group>";
		};
		9269A86ABD300A537F79FA6B /* Frameworks */ = {
			isa = PBXGroup;
			children = (
				5F67773F3376EC438D2C502A /* Pods_SkillboxDataBase.framework */,
			);
			name = Frameworks;
			sourceTree = "<group>";
		};
		A950CF9A265D722A00208D98 = {
			isa = PBXGroup;
			children = (
				A950CFA5265D722A00208D98 /* SkillboxDataBase */,
				A950CFA4265D722A00208D98 /* Products */,
				1700B1EB3D384065B4AE4055 /* Pods */,
				9269A86ABD300A537F79FA6B /* Frameworks */,
			);
			sourceTree = "<group>";
		};
		A950CFA4265D722A00208D98 /* Products */ = {
			isa = PBXGroup;
			children = (
				A950CFA3265D722A00208D98 /* SkillboxDataBase.app */,
			);
			name = Products;
			sourceTree = "<group>";
		};
		A950CFA5265D722A00208D98 /* SkillboxDataBase */ = {
			isa = PBXGroup;
			children = (
				A950CFA6265D722A00208D98 /* AppDelegate.swift */,
				A950CFA8265D722A00208D98 /* SceneDelegate.swift */,
				A950CFAA265D722A00208D98 /* ViewController.swift */,
				A950CFAC265D722A00208D98 /* Main.storyboard */,
				A950CFB4265D722D00208D98 /* LaunchScreen.storyboard */,
				A9DA89AC265E42D300C54A81 /* ToDoCoreData */,
				A9DA89AD265E432800C54A81 /* UsernameUserDefaults */,
				A9DA89AE265E433E00C54A81 /* ToDoRealm */,
				A9F6E29F265E7A8000686F77 /* Weather */,
				A950CFB7265D722D00208D98 /* Info.plist */,
				A950CFB2265D722D00208D98 /* Assets.xcassets */,
			);
			path = SkillboxDataBase;
			sourceTree = "<group>";
		};
		A9DA89AC265E42D300C54A81 /* ToDoCoreData */ = {
			isa = PBXGroup;
			children = (
				A950CFAF265D722A00208D98 /* SkillboxDataBase.xcdatamodeld */,
				A9DA89A8265E32C800C54A81 /* ToDoListItem+CoreDataClass.swift */,
				A9DA89A6265E2DBF00C54A81 /* ToDoCoreDataViewController.swift */,
				A9DA89A9265E32C800C54A81 /* ToDoListItem+CoreDataProperties.swift */,
			);
			path = ToDoCoreData;
			sourceTree = "<group>";
		};
		A9DA89AD265E432800C54A81 /* UsernameUserDefaults */ = {
			isa = PBXGroup;
			children = (
				A950CFBF265D76E700208D98 /* UsernameViewController.swift */,
				A99112FE265D987200C4B213 /* PersistanceUserDefaults.swift */,
			);
			path = UsernameUserDefaults;
			sourceTree = "<group>";
		};
		A9DA89AE265E433E00C54A81 /* ToDoRealm */ = {
			isa = PBXGroup;
			children = (
				A960AD60265DA8B2006F8002 /* ToDoRealmViewController.swift */,
			);
			path = ToDoRealm;
			sourceTree = "<group>";
		};
		A9F6E29F265E7A8000686F77 /* Weather */ = {
			isa = PBXGroup;
			children = (
				A9F6F05A265E812600686F77 /* LoadWeatherData.swift */,
				A9F6F05B265E812600686F77 /* ModelRealm.swift */,
				A9F6F05C265E812700686F77 /* WeatherCell.swift */,
				A9F6F059265E812600686F77 /* WeatherViewController.swift */,
			);
			path = Weather;
			sourceTree = "<group>";
		};
/* End PBXGroup section */

/* Begin PBXNativeTarget section */
		A950CFA2265D722A00208D98 /* SkillboxDataBase */ = {
			isa = PBXNativeTarget;
			buildConfigurationList = A950CFBA265D722D00208D98 /* Build configuration list for PBXNativeTarget "SkillboxDataBase" */;
			buildPhases = (
				25A99E7DD8FE830D53E852B6 /* [CP] Check Pods Manifest.lock */,
				A950CF9F265D722A00208D98 /* Sources */,
				A950CFA0265D722A00208D98 /* Frameworks */,
				A950CFA1265D722A00208D98 /* Resources */,
				5F7C2B8C062E98FD7B9D0675 /* [CP] Embed Pods Frameworks */,
			);
			buildRules = (
			);
			dependencies = (
			);
			name = SkillboxDataBase;
			productName = SkillboxDataBase;
			productReference = A950CFA3265D722A00208D98 /* SkillboxDataBase.app */;
			productType = "com.apple.product-type.application";
		};
/* End PBXNativeTarget section */

/* Begin PBXProject section */
		A950CF9B265D722A00208D98 /* Project object */ = {
			isa = PBXProject;
			attributes = {
				LastSwiftUpdateCheck = 1250;
				LastUpgradeCheck = 1250;
				TargetAttributes = {
					A950CFA2265D722A00208D98 = {
						CreatedOnToolsVersion = 12.5;
					};
				};
			};
			buildConfigurationList = A950CF9E265D722A00208D98 /* Build configuration list for PBXProject "SkillboxDataBase" */;
			compatibilityVersion = "Xcode 9.3";
			developmentRegion = en;
			hasScannedForEncodings = 0;
			knownRegions = (
				en,
				Base,
			);
			mainGroup = A950CF9A265D722A00208D98;
			productRefGroup = A950CFA4265D722A00208D98 /* Products */;
			projectDirPath = "";
			projectRoot = "";
			targets = (
				A950CFA2265D722A00208D98 /* SkillboxDataBase */,
			);
		};
/* End PBXProject section */

/* Begin PBXResourcesBuildPhase section */
		A950CFA1265D722A00208D98 /* Resources */ = {
			isa = PBXResourcesBuildPhase;
			buildActionMask = 2147483647;
			files = (
				A950CFB6265D722D00208D98 /* LaunchScreen.storyboard in Resources */,
				A950CFB3265D722D00208D98 /* Assets.xcassets in Resources */,
				A950CFAE265D722A00208D98 /* Main.storyboard in Resources */,
			);
			runOnlyForDeploymentPostprocessing = 0;
		};
/* End PBXResourcesBuildPhase section */

/* Begin PBXShellScriptBuildPhase section */
		25A99E7DD8FE830D53E852B6 /* [CP] Check Pods Manifest.lock */ = {
			isa = PBXShellScriptBuildPhase;
			buildActionMask = 2147483647;
			files = (
			);
			inputFileListPaths = (
			);
			inputPaths = (
				"${PODS_PODFILE_DIR_PATH}/Podfile.lock",
				"${PODS_ROOT}/Manifest.lock",
			);
			name = "[CP] Check Pods Manifest.lock";
			outputFileListPaths = (
			);
			outputPaths = (
				"$(DERIVED_FILE_DIR)/Pods-SkillboxDataBase-checkManifestLockResult.txt",
			);
			runOnlyForDeploymentPostprocessing = 0;
			shellPath = /bin/sh;
			shellScript = "diff \"${PODS_PODFILE_DIR_PATH}/Podfile.lock\" \"${PODS_ROOT}/Manifest.lock\" > /dev/null\nif [ $? != 0 ] ; then\n    # print error to STDERR\n    echo \"error: The sandbox is not in sync with the Podfile.lock. Run 'pod install' or update your CocoaPods installation.\" >&2\n    exit 1\nfi\n# This output is used by Xcode 'outputs' to avoid re-running this script phase.\necho \"SUCCESS\" > \"${SCRIPT_OUTPUT_FILE_0}\"\n";
			showEnvVarsInLog = 0;
		};
		5F7C2B8C062E98FD7B9D0675 /* [CP] Embed Pods Frameworks */ = {
			isa = PBXShellScriptBuildPhase;
			buildActionMask = 2147483647;
			files = (
			);
			inputFileListPaths = (
				"${PODS_ROOT}/Target Support Files/Pods-SkillboxDataBase/Pods-SkillboxDataBase-frameworks-${CONFIGURATION}-input-files.xcfilelist",
			);
			name = "[CP] Embed Pods Frameworks";
			outputFileListPaths = (
				"${PODS_ROOT}/Target Support Files/Pods-SkillboxDataBase/Pods-SkillboxDataBase-frameworks-${CONFIGURATION}-output-files.xcfilelist",
			);
			runOnlyForDeploymentPostprocessing = 0;
			shellPath = /bin/sh;
			shellScript = "\"${PODS_ROOT}/Target Support Files/Pods-SkillboxDataBase/Pods-SkillboxDataBase-frameworks.sh\"\n";
			showEnvVarsInLog = 0;
		};
/* End PBXShellScriptBuildPhase section */

/* Begin PBXSourcesBuildPhase section */
		A950CF9F265D722A00208D98 /* Sources */ = {
			isa = PBXSourcesBuildPhase;
			buildActionMask = 2147483647;
			files = (
				A960AD61265DA8B2006F8002 /* ToDoRealmViewController.swift in Sources */,
				A950CFC0265D76E700208D98 /* UsernameViewController.swift in Sources */,
				A950CFAB265D722A00208D98 /* ViewController.swift in Sources */,
				A9F6F05F265E812700686F77 /* ModelRealm.swift in Sources */,
				A99112FF265D987200C4B213 /* PersistanceUserDefaults.swift in Sources */,
				A9DA89AB265E32C800C54A81 /* ToDoListItem+CoreDataProperties.swift in Sources */,
				A9F6F060265E812700686F77 /* WeatherCell.swift in Sources */,
				A950CFA7265D722A00208D98 /* AppDelegate.swift in Sources */,
				A9F6F05E265E812700686F77 /* LoadWeatherData.swift in Sources */,
				A950CFB1265D722A00208D98 /* SkillboxDataBase.xcdatamodeld in Sources */,
				A9DA89A7265E2DBF00C54A81 /* ToDoCoreDataViewController.swift in Sources */,
				A950CFA9265D722A00208D98 /* SceneDelegate.swift in Sources */,
				A9DA89AA265E32C800C54A81 /* ToDoListItem+CoreDataClass.swift in Sources */,
				A9F6F05D265E812700686F77 /* WeatherViewController.swift in Sources */,
			);
			runOnlyForDeploymentPostprocessing = 0;
		};
/* End PBXSourcesBuildPhase section */

/* Begin PBXVariantGroup section */
		A950CFAC265D722A00208D98 /* Main.storyboard */ = {
			isa = PBXVariantGroup;
			children = (
				A950CFAD265D722A00208D98 /* Base */,
			);
			name = Main.storyboard;
			sourceTree = "<group>";
		};
		A950CFB4265D722D00208D98 /* LaunchScreen.storyboard */ = {
			isa = PBXVariantGroup;
			children = (
				A950CFB5265D722D00208D98 /* Base */,
			);
			name = LaunchScreen.storyboard;
			sourceTree = "<group>";
		};
/* End PBXVariantGroup section */

/* Begin XCBuildConfiguration section */
		A950CFB8265D722D00208D98 /* Debug */ = {
			isa = XCBuildConfiguration;
			buildSettings = {
				ALWAYS_SEARCH_USER_PATHS = NO;
				CLANG_ANALYZER_NONNULL = YES;
				CLANG_ANALYZER_NUMBER_OBJECT_CONVERSION = YES_AGGRESSIVE;
				CLANG_CXX_LANGUAGE_STANDARD = "gnu++14";
				CLANG_CXX_LIBRARY = "libc++";
				CLANG_ENABLE_MODULES = YES;
				CLANG_ENABLE_OBJC_ARC = YES;
				CLANG_ENABLE_OBJC_WEAK = YES;
				CLANG_WARN_BLOCK_CAPTURE_AUTORELEASING = YES;
				CLANG_WARN_BOOL_CONVERSION = YES;
				CLANG_WARN_COMMA = YES;
				CLANG_WARN_CONSTANT_CONVERSION = YES;
				CLANG_WARN_DEPRECATED_OBJC_IMPLEMENTATIONS = YES;
				CLANG_WARN_DIRECT_OBJC_ISA_USAGE = YES_ERROR;
				CLANG_WARN_DOCUMENTATION_COMMENTS = YES;
				CLANG_WARN_EMPTY_BODY = YES;
				CLANG_WARN_ENUM_CONVERSION = YES;
				CLANG_WARN_INFINITE_RECURSION = YES;
				CLANG_WARN_INT_CONVERSION = YES;
				CLANG_WARN_NON_LITERAL_NULL_CONVERSION = YES;
				CLANG_WARN_OBJC_IMPLICIT_RETAIN_SELF = YES;
				CLANG_WARN_OBJC_LITERAL_CONVERSION = YES;
				CLANG_WARN_OBJC_ROOT_CLASS = YES_ERROR;
				CLANG_WARN_QUOTED_INCLUDE_IN_FRAMEWORK_HEADER = YES;
				CLANG_WARN_RANGE_LOOP_ANALYSIS = YES;
				CLANG_WARN_STRICT_PROTOTYPES = YES;
				CLANG_WARN_SUSPICIOUS_MOVE = YES;
				CLANG_WARN_UNGUARDED_AVAILABILITY = YES_AGGRESSIVE;
				CLANG_WARN_UNREACHABLE_CODE = YES;
				CLANG_WARN__DUPLICATE_METHOD_MATCH = YES;
				COPY_PHASE_STRIP = NO;
				DEBUG_INFORMATION_FORMAT = dwarf;
				ENABLE_STRICT_OBJC_MSGSEND = YES;
				ENABLE_TESTABILITY = YES;
				GCC_C_LANGUAGE_STANDARD = gnu11;
				GCC_DYNAMIC_NO_PIC = NO;
				GCC_NO_COMMON_BLOCKS = YES;
				GCC_OPTIMIZATION_LEVEL = 0;
				GCC_PREPROCESSOR_DEFINITIONS = (
					"DEBUG=1",
					"$(inherited)",
				);
				GCC_WARN_64_TO_32_BIT_CONVERSION = YES;
				GCC_WARN_ABOUT_RETURN_TYPE = YES_ERROR;
				GCC_WARN_UNDECLARED_SELECTOR = YES;
				GCC_WARN_UNINITIALIZED_AUTOS = YES_AGGRESSIVE;
				GCC_WARN_UNUSED_FUNCTION = YES;
				GCC_WARN_UNUSED_VARIABLE = YES;
				IPHONEOS_DEPLOYMENT_TARGET = 14.5;
				MTL_ENABLE_DEBUG_INFO = INCLUDE_SOURCE;
				MTL_FAST_MATH = YES;
				ONLY_ACTIVE_ARCH = YES;
				SDKROOT = iphoneos;
				SWIFT_ACTIVE_COMPILATION_CONDITIONS = DEBUG;
				SWIFT_OPTIMIZATION_LEVEL = "-Onone";
			};
			name = Debug;
		};
		A950CFB9265D722D00208D98 /* Release */ = {
			isa = XCBuildConfiguration;
			buildSettings = {
				ALWAYS_SEARCH_USER_PATHS = NO;
				CLANG_ANALYZER_NONNULL = YES;
				CLANG_ANALYZER_NUMBER_OBJECT_CONVERSION = YES_AGGRESSIVE;
				CLANG_CXX_LANGUAGE_STANDARD = "gnu++14";
				CLANG_CXX_LIBRARY = "libc++";
				CLANG_ENABLE_MODULES = YES;
				CLANG_ENABLE_OBJC_ARC = YES;
				CLANG_ENABLE_OBJC_WEAK = YES;
				CLANG_WARN_BLOCK_CAPTURE_AUTORELEASING = YES;
				CLANG_WARN_BOOL_CONVERSION = YES;
				CLANG_WARN_COMMA = YES;
				CLANG_WARN_CONSTANT_CONVERSION = YES;
				CLANG_WARN_DEPRECATED_OBJC_IMPLEMENTATIONS = YES;
				CLANG_WARN_DIRECT_OBJC_ISA_USAGE = YES_ERROR;
				CLANG_WARN_DOCUMENTATION_COMMENTS = YES;
				CLANG_WARN_EMPTY_BODY = YES;
				CLANG_WARN_ENUM_CONVERSION = YES;
				CLANG_WARN_INFINITE_RECURSION = YES;
				CLANG_WARN_INT_CONVERSION = YES;
				CLANG_WARN_NON_LITERAL_NULL_CONVERSION = YES;
				CLANG_WARN_OBJC_IMPLICIT_RETAIN_SELF = YES;
				CLANG_WARN_OBJC_LITERAL_CONVERSION = YES;
				CLANG_WARN_OBJC_ROOT_CLASS = YES_ERROR;
				CLANG_WARN_QUOTED_INCLUDE_IN_FRAMEWORK_HEADER = YES;
				CLANG_WARN_RANGE_LOOP_ANALYSIS = YES;
				CLANG_WARN_STRICT_PROTOTYPES = YES;
				CLANG_WARN_SUSPICIOUS_MOVE = YES;
				CLANG_WARN_UNGUARDED_AVAILABILITY = YES_AGGRESSIVE;
				CLANG_WARN_UNREACHABLE_CODE = YES;
				CLANG_WARN__DUPLICATE_METHOD_MATCH = YES;
				COPY_PHASE_STRIP = NO;
				DEBUG_INFORMATION_FORMAT = "dwarf-with-dsym";
				ENABLE_NS_ASSERTIONS = NO;
				ENABLE_STRICT_OBJC_MSGSEND = YES;
				GCC_C_LANGUAGE_STANDARD = gnu11;
				GCC_NO_COMMON_BLOCKS = YES;
				GCC_WARN_64_TO_32_BIT_CONVERSION = YES;
				GCC_WARN_ABOUT_RETURN_TYPE = YES_ERROR;
				GCC_WARN_UNDECLARED_SELECTOR = YES;
				GCC_WARN_UNINITIALIZED_AUTOS = YES_AGGRESSIVE;
				GCC_WARN_UNUSED_FUNCTION = YES;
				GCC_WARN_UNUSED_VARIABLE = YES;
				IPHONEOS_DEPLOYMENT_TARGET = 14.5;
				MTL_ENABLE_DEBUG_INFO = NO;
				MTL_FAST_MATH = YES;
				SDKROOT = iphoneos;
				SWIFT_COMPILATION_MODE = wholemodule;
				SWIFT_OPTIMIZATION_LEVEL = "-O";
				VALIDATE_PRODUCT = YES;
			};
			name = Release;
		};
		A950CFBB265D722D00208D98 /* Debug */ = {
			isa = XCBuildConfiguration;
			baseConfigurationReference = 25A96CA6367347CBDDF8C507 /* Pods-SkillboxDataBase.debug.xcconfig */;
			buildSettings = {
				ASSETCATALOG_COMPILER_APPICON_NAME = AppIcon;
				ASSETCATALOG_COMPILER_GLOBAL_ACCENT_COLOR_NAME = AccentColor;
				CODE_SIGN_STYLE = Automatic;
				DEVELOPMENT_TEAM = XHRWYM4T65;
				FRAMEWORK_SEARCH_PATHS = (
					"$(inherited)",
					"$(PROJECT_DIR)/SkillboxDataBase/Weather/iOS-ToDoList-Weather-master/Carthage/Build/iOS",
				);
				INFOPLIST_FILE = SkillboxDataBase/Info.plist;
				LD_RUNPATH_SEARCH_PATHS = (
					"$(inherited)",
					"@executable_path/Frameworks",
				);
				PRODUCT_BUNDLE_IDENTIFIER = heartsker.SkillboxDataBase;
				PRODUCT_NAME = "$(TARGET_NAME)";
				SWIFT_VERSION = 5.0;
				TARGETED_DEVICE_FAMILY = "1,2";
			};
			name = Debug;
		};
		A950CFBC265D722D00208D98 /* Release */ = {
			isa = XCBuildConfiguration;
			baseConfigurationReference = 5DDEA368B31C0F4A269F72B6 /* Pods-SkillboxDataBase.release.xcconfig */;
			buildSettings = {
				ASSETCATALOG_COMPILER_APPICON_NAME = AppIcon;
				ASSETCATALOG_COMPILER_GLOBAL_ACCENT_COLOR_NAME = AccentColor;
				CODE_SIGN_STYLE = Automatic;
				DEVELOPMENT_TEAM = XHRWYM4T65;
				FRAMEWORK_SEARCH_PATHS = (
					"$(inherited)",
					"$(PROJECT_DIR)/SkillboxDataBase/Weather/iOS-ToDoList-Weather-master/Carthage/Build/iOS",
				);
				INFOPLIST_FILE = SkillboxDataBase/Info.plist;
				LD_RUNPATH_SEARCH_PATHS = (
					"$(inherited)",
					"@executable_path/Frameworks",
				);
				PRODUCT_BUNDLE_IDENTIFIER = heartsker.SkillboxDataBase;
				PRODUCT_NAME = "$(TARGET_NAME)";
				SWIFT_VERSION = 5.0;
				TARGETED_DEVICE_FAMILY = "1,2";
			};
			name = Release;
		};
/* End XCBuildConfiguration section */

/* Begin XCConfigurationList section */
		A950CF9E265D722A00208D98 /* Build configuration list for PBXProject "SkillboxDataBase" */ = {
			isa = XCConfigurationList;
			buildConfigurations = (
				A950CFB8265D722D00208D98 /* Debug */,
				A950CFB9265D722D00208D98 /* Release */,
			);
			defaultConfigurationIsVisible = 0;
			defaultConfigurationName = Release;
		};
		A950CFBA265D722D00208D98 /* Build configuration list for PBXNativeTarget "SkillboxDataBase" */ = {
			isa = XCConfigurationList;
			buildConfigurations = (
				A950CFBB265D722D00208D98 /* Debug */,
				A950CFBC265D722D00208D98 /* Release */,
			);
			defaultConfigurationIsVisible = 0;
			defaultConfigurationName = Release;
		};
/* End XCConfigurationList section */

/* Begin XCVersionGroup section */
		A950CFAF265D722A00208D98 /* SkillboxDataBase.xcdatamodeld */ = {
			isa = XCVersionGroup;
			children = (
				A950CFB0265D722A00208D98 /* SkillboxDataBase.xcdatamodel */,
			);
			currentVersion = A950CFB0265D722A00208D98 /* SkillboxDataBase.xcdatamodel */;
			path = SkillboxDataBase.xcdatamodeld;
			sourceTree = "<group>";
			versionGroupType = wrapper.xcdatamodel;
		};
/* End XCVersionGroup section */
	};
	rootObject = A950CF9B265D722A00208D98 /* Project object */;
}
